# This file was autogenerated by Stack.
# You should not edit this file by hand.
# For more information, please see the documentation at:
#   https://docs.haskellstack.org/en/stable/lock_files

packages:
- completed:
    hackage: dhall-1.40.1@sha256:5d4bb256d4c331b9e75a59677e21ca8cc55ad3ba1426edff7efd13c39f67f8ff,34635
    pantry-tree:
      size: 314278
      sha256: 6b60951885f4a905a34412176a892b21a239778dc9f7a45439813e2e44273c0e
  original:
    hackage: dhall-1.40.1
- completed:
    hackage: socks-0.6.1@sha256:ac190808eea704672df18f702e8f2ad0b7a4d0af528e95ee55ea6ee0be672e2a,1258
    pantry-tree:
      size: 692
      sha256: 53d29c06c42e737ae99660e077c7c4b286f1272b3394ad7f74163867a5b3b8fa
  original:
    hackage: socks-0.6.1
- completed:
    name: host-and-port
    version: 0.0.1.0
    git: https://github.com/trskop/host-and-port.git
    pantry-tree:
      size: 1534
      sha256: a06b7539aa4d862357e11392f07d7230d7f8b99df2003b6e4b4f20671da35a5b
    commit: 80e163605b5597e026186aba92feec624e5488e7
  original:
    git: https://github.com/trskop/host-and-port.git
    commit: 80e163605b5597e026186aba92feec624e5488e7
snapshots:
- completed:
    size: 587113
    url: https://raw.githubusercontent.com/commercialhaskell/stackage-snapshots/master/lts/18/6.yaml
    sha256: f74c482d7c93739ecf3abfbc0f2dea1c20a2dfb2462c689846ed55a9653b66f7
  original:
    url: https://raw.githubusercontent.com/commercialhaskell/stackage-snapshots/master/lts/18/6.yaml
